
Microsoft Visual Studio Solution File, Format Version 12.00
# Visual Studio Version 17
VisualStudioVersion = 17.7.34009.444
MinimumVisualStudioVersion = 10.0.40219.1
Project("{FAE04EC0-301F-11D3-BF4B-00C04F79EFBC}") = "2Uzduotis_OOP", "2Uzduotis_OOP\2Uzduotis_OOP.csproj", "{3C28EA06-327D-4D50-8F49-9DF69D872F07}"
EndProject
Global
	GlobalSection(SolutionConfigurationPlatforms) = preSolution
		Debug|Any CPU = Debug|Any CPU
		Release|Any CPU = Release|Any CPU
	EndGlobalSection
	GlobalSection(ProjectConfigurationPlatforms) = postSolution
		{3C28EA06-327D-4D50-8F49-9DF69D872F07}.Debug|Any CPU.ActiveCfg = Debug|Any CPU
		{3C28EA06-327D-4D50-8F49-9DF69D872F07}.Debug|Any CPU.Build.0 = Debug|Any CPU
		{3C28EA06-327D-4D50-8F49-9DF69D872F07}.Release|Any CPU.ActiveCfg = Release|Any CPU
		{3C28EA06-327D-4D50-8F49-9DF69D872F07}.Release|Any CPU.Build.0 = Release|Any CPU
	EndGlobalSection
	GlobalSection(SolutionProperties) = preSolution
		HideSolutionNode = FALSE
	EndGlobalSection
	GlobalSection(ExtensibilityGlobals) = postSolution
		SolutionGuid = {BC4203B1-C43E-45ED-B045-96B85853748D}
	EndGlobalSection
EndGlobal
